
Microsoft Visual Studio Solution File, Format Version 12.00
# Visual Studio Version 16
VisualStudioVersion = 16.0.29926.136
MinimumVisualStudioVersion = 10.0.40219.1
Project("{FAE04EC0-301F-11D3-BF4B-00C04F79EFBC}") = "Ospedale Gruppo 4", "Ospedale Gruppo 4\Ospedale Gruppo 4.csproj", "{5BC20FC0-37F3-441A-B1C6-FCFE372B45E8}"
EndProject
Global
	GlobalSection(SolutionConfigurationPlatforms) = preSolution
		Debug|Any CPU = Debug|Any CPU
		Release|Any CPU = Release|Any CPU
	EndGlobalSection
	GlobalSection(ProjectConfigurationPlatforms) = postSolution
		{5BC20FC0-37F3-441A-B1C6-FCFE372B45E8}.Debug|Any CPU.ActiveCfg = Debug|Any CPU
		{5BC20FC0-37F3-441A-B1C6-FCFE372B45E8}.Debug|Any CPU.Build.0 = Debug|Any CPU
		{5BC20FC0-37F3-441A-B1C6-FCFE372B45E8}.Release|Any CPU.ActiveCfg = Release|Any CPU
		{5BC20FC0-37F3-441A-B1C6-FCFE372B45E8}.Release|Any CPU.Build.0 = Release|Any CPU
	EndGlobalSection
	GlobalSection(SolutionProperties) = preSolution
		HideSolutionNode = FALSE
	EndGlobalSection
	GlobalSection(ExtensibilityGlobals) = postSolution
		SolutionGuid = {876C1F72-1552-4350-AA49-59F4CAF82777}
	EndGlobalSection
EndGlobal
